
Microsoft Visual Studio Solution File, Format Version 12.00
# Visual Studio Version 17
VisualStudioVersion = 17.10.34928.147
MinimumVisualStudioVersion = 10.0.40219.1
Project("{FAE04EC0-301F-11D3-BF4B-00C04F79EFBC}") = "Forosema8", "Forosema8.csproj", "{20012DAE-E7E4-453E-96FB-44B1CEC79EEC}"
EndProject
Global
	GlobalSection(SolutionConfigurationPlatforms) = preSolution
		Debug|Any CPU = Debug|Any CPU
		Release|Any CPU = Release|Any CPU
	EndGlobalSection
	GlobalSection(ProjectConfigurationPlatforms) = postSolution
		{20012DAE-E7E4-453E-96FB-44B1CEC79EEC}.Debug|Any CPU.ActiveCfg = Debug|Any CPU
		{20012DAE-E7E4-453E-96FB-44B1CEC79EEC}.Debug|Any CPU.Build.0 = Debug|Any CPU
		{20012DAE-E7E4-453E-96FB-44B1CEC79EEC}.Release|Any CPU.ActiveCfg = Release|Any CPU
		{20012DAE-E7E4-453E-96FB-44B1CEC79EEC}.Release|Any CPU.Build.0 = Release|Any CPU
	EndGlobalSection
	GlobalSection(SolutionProperties) = preSolution
		HideSolutionNode = FALSE
	EndGlobalSection
	GlobalSection(ExtensibilityGlobals) = postSolution
		SolutionGuid = {ECFF009F-67E9-4166-9B12-437AACC536B9}
	EndGlobalSection
EndGlobal
